
Microsoft Visual Studio Solution File, Format Version 12.00
# Visual Studio Version 16
VisualStudioVersion = 16.0.29009.5
MinimumVisualStudioVersion = 10.0.40219.1
Project("{FAE04EC0-301F-11D3-BF4B-00C04F79EFBC}") = "MVCCruidEF", "MVCCruidEF\MVCCruidEF.csproj", "{3A0EF5B4-0954-4142-A89E-7284993777E7}"
EndProject
Global
	GlobalSection(SolutionConfigurationPlatforms) = preSolution
		Debug|Any CPU = Debug|Any CPU
		Release|Any CPU = Release|Any CPU
	EndGlobalSection
	GlobalSection(ProjectConfigurationPlatforms) = postSolution
		{3A0EF5B4-0954-4142-A89E-7284993777E7}.Debug|Any CPU.ActiveCfg = Debug|Any CPU
		{3A0EF5B4-0954-4142-A89E-7284993777E7}.Debug|Any CPU.Build.0 = Debug|Any CPU
		{3A0EF5B4-0954-4142-A89E-7284993777E7}.Release|Any CPU.ActiveCfg = Release|Any CPU
		{3A0EF5B4-0954-4142-A89E-7284993777E7}.Release|Any CPU.Build.0 = Release|Any CPU
	EndGlobalSection
	GlobalSection(SolutionProperties) = preSolution
		HideSolutionNode = FALSE
	EndGlobalSection
	GlobalSection(ExtensibilityGlobals) = postSolution
		SolutionGuid = {509B2778-6E46-4E18-85D0-1CF1C4EC4FED}
	EndGlobalSection
EndGlobal
